
Microsoft Visual Studio Solution File, Format Version 12.00
# Visual Studio Version 17
VisualStudioVersion = 17.14.37012.4 d17.14
MinimumVisualStudioVersion = 10.0.40219.1
Project("{FAE04EC0-301F-11D3-BF4B-00C04F79EFBC}") = "EduFlow", "EduFlow.csproj", "{65098490-CA34-4F72-ADDB-BE11E5F18B3E}"
EndProject
Global
	GlobalSection(SolutionConfigurationPlatforms) = preSolution
		Debug|Any CPU = Debug|Any CPU
		Release|Any CPU = Release|Any CPU
	EndGlobalSection
	GlobalSection(ProjectConfigurationPlatforms) = postSolution
		{65098490-CA34-4F72-ADDB-BE11E5F18B3E}.Debug|Any CPU.ActiveCfg = Debug|Any CPU
		{65098490-CA34-4F72-ADDB-BE11E5F18B3E}.Debug|Any CPU.Build.0 = Debug|Any CPU
		{65098490-CA34-4F72-ADDB-BE11E5F18B3E}.Release|Any CPU.ActiveCfg = Release|Any CPU
		{65098490-CA34-4F72-ADDB-BE11E5F18B3E}.Release|Any CPU.Build.0 = Release|Any CPU
	EndGlobalSection
	GlobalSection(SolutionProperties) = preSolution
		HideSolutionNode = FALSE
	EndGlobalSection
	GlobalSection(ExtensibilityGlobals) = postSolution
		SolutionGuid = {4A63D3B6-42A2-4F2F-89D9-30387A0360CE}
	EndGlobalSection
EndGlobal
